
Microsoft Visual Studio Solution File, Format Version 12.00
# Visual Studio 15
VisualStudioVersion = 15.0.27130.2026
MinimumVisualStudioVersion = 10.0.40219.1
Project("{FAE04EC0-301F-11D3-BF4B-00C04F79EFBC}") = "Sql2Excel", "Sql2Excel\Sql2Excel.csproj", "{ECACECF8-DE8A-4FD8-A522-796F4F2B9F9B}"
EndProject
Global
	GlobalSection(SolutionConfigurationPlatforms) = preSolution
		Debug|Any CPU = Debug|Any CPU
		Release|Any CPU = Release|Any CPU
	EndGlobalSection
	GlobalSection(ProjectConfigurationPlatforms) = postSolution
		{ECACECF8-DE8A-4FD8-A522-796F4F2B9F9B}.Debug|Any CPU.ActiveCfg = Debug|Any CPU
		{ECACECF8-DE8A-4FD8-A522-796F4F2B9F9B}.Debug|Any CPU.Build.0 = Debug|Any CPU
		{ECACECF8-DE8A-4FD8-A522-796F4F2B9F9B}.Release|Any CPU.ActiveCfg = Release|Any CPU
		{ECACECF8-DE8A-4FD8-A522-796F4F2B9F9B}.Release|Any CPU.Build.0 = Release|Any CPU
	EndGlobalSection
	GlobalSection(SolutionProperties) = preSolution
		HideSolutionNode = FALSE
	EndGlobalSection
	GlobalSection(ExtensibilityGlobals) = postSolution
		SolutionGuid = {44ADA4C8-B927-4FBE-8CBE-680793ABB335}
	EndGlobalSection
EndGlobal
